
Microsoft Visual Studio Solution File, Format Version 12.00
# Visual Studio Version 17
VisualStudioVersion = 17.4.33122.133
MinimumVisualStudioVersion = 10.0.40219.1
Project("{FAE04EC0-301F-11D3-BF4B-00C04F79EFBC}") = "Mindbox.TestTaskV2", "Mindbox.TestTaskV2\Mindbox.TestTaskV2.csproj", "{7D248F0A-F79F-4CCD-B778-658BB682A44B}"
EndProject
Project("{FAE04EC0-301F-11D3-BF4B-00C04F79EFBC}") = "TestTaskV2.Tests", "TestTaskV2.Tests\TestTaskV2.Tests.csproj", "{04823101-09C4-438F-8EC5-51383A82C1F4}"
EndProject
Global
	GlobalSection(SolutionConfigurationPlatforms) = preSolution
		Debug|Any CPU = Debug|Any CPU
		Release|Any CPU = Release|Any CPU
	EndGlobalSection
	GlobalSection(ProjectConfigurationPlatforms) = postSolution
		{7D248F0A-F79F-4CCD-B778-658BB682A44B}.Debug|Any CPU.ActiveCfg = Debug|Any CPU
		{7D248F0A-F79F-4CCD-B778-658BB682A44B}.Debug|Any CPU.Build.0 = Debug|Any CPU
		{7D248F0A-F79F-4CCD-B778-658BB682A44B}.Release|Any CPU.ActiveCfg = Release|Any CPU
		{7D248F0A-F79F-4CCD-B778-658BB682A44B}.Release|Any CPU.Build.0 = Release|Any CPU
		{04823101-09C4-438F-8EC5-51383A82C1F4}.Debug|Any CPU.ActiveCfg = Debug|Any CPU
		{04823101-09C4-438F-8EC5-51383A82C1F4}.Debug|Any CPU.Build.0 = Debug|Any CPU
		{04823101-09C4-438F-8EC5-51383A82C1F4}.Release|Any CPU.ActiveCfg = Release|Any CPU
		{04823101-09C4-438F-8EC5-51383A82C1F4}.Release|Any CPU.Build.0 = Release|Any CPU
	EndGlobalSection
	GlobalSection(SolutionProperties) = preSolution
		HideSolutionNode = FALSE
	EndGlobalSection
	GlobalSection(ExtensibilityGlobals) = postSolution
		SolutionGuid = {891A4804-3C84-4D88-82ED-DE552C129ECA}
	EndGlobalSection
EndGlobal
